// !$*UTF8*$!
{
	archiveVersion = 1;
	classes = {
	};
	objectVersion = 46;
	objects = {

/* Begin PBXBuildFile section */
		B39A78981CCAD46300C18117 /* AppDelegate.swift in Sources */ = {isa = PBXBuildFile; fileRef = B39A78971CCAD46300C18117 /* AppDelegate.swift */; };
		B39A789A1CCAD46300C18117 /* ViewController.swift in Sources */ = {isa = PBXBuildFile; fileRef = B39A78991CCAD46300C18117 /* ViewController.swift */; };
		B39A789D1CCAD46300C18117 /* Main.storyboard in Resources */ = {isa = PBXBuildFile; fileRef = B39A789B1CCAD46300C18117 /* Main.storyboard */; };
		B39A789F1CCAD46300C18117 /* Assets.xcassets in Resources */ = {isa = PBXBuildFile; fileRef = B39A789E1CCAD46300C18117 /* Assets.xcassets */; };
		B39A78A21CCAD46300C18117 /* LaunchScreen.storyboard in Resources */ = {isa = PBXBuildFile; fileRef = B39A78A01CCAD46300C18117 /* LaunchScreen.storyboard */; };
		B39A78AD1CCAD46400C18117 /* AntComplexityTests.swift in Sources */ = {isa = PBXBuildFile; fileRef = B39A78AC1CCAD46400C18117 /* AntComplexityTests.swift */; };
		B39A78B81CCAD46400C18117 /* AntComplexityUITests.swift in Sources */ = {isa = PBXBuildFile; fileRef = B39A78B71CCAD46400C18117 /* AntComplexityUITests.swift */; };
		B3DC2CA11CCF0B1F00DAEA57 /* Ant.swift in Sources */ = {isa = PBXBuildFile; fileRef = B3DC2CA01CCF0B1E00DAEA57 /* Ant.swift */; };
/* End PBXBuildFile section */

/* Begin PBXContainerItemProxy section */
		B39A78A91CCAD46400C18117 /* PBXContainerItemProxy */ = {
			isa = PBXContainerItemProxy;
			containerPortal = B39A788C1CCAD46300C18117 /* Project object */;
			proxyType = 1;
			remoteGlobalIDString = B39A78931CCAD46300C18117;
			remoteInfo = AntComplexity;
		};
		B39A78B41CCAD46400C18117 /* PBXContainerItemProxy */ = {
			isa = PBXContainerItemProxy;
			containerPortal = B39A788C1CCAD46300C18117 /* Project object */;
			proxyType = 1;
			remoteGlobalIDString = B39A78931CCAD46300C18117;
			remoteInfo = AntComplexity;
		};
/* End PBXContainerItemProxy section */

/* Begin PBXFileReference section */
		B39A78941CCAD46300C18117 /* AntComplexity.app */ = {isa = PBXFileReference; explicitFileType = wrapper.application; includeInIndex = 0; path = AntComplexity.app; sourceTree = BUILT_PRODUCTS_DIR; };
		B39A78971CCAD46300C18117 /* AppDelegate.swift */ = {isa = PBXFileReference; lastKnownFileType = sourcecode.swift; path = AppDelegate.swift; sourceTree = "<group>"; };
		B39A78991CCAD46300C18117 /* ViewController.swift */ = {isa = PBXFileReference; lastKnownFileType = sourcecode.swift; path = ViewController.swift; sourceTree = "<group>"; };
		B39A789C1CCAD46300C18117 /* Base */ = {isa = PBXFileReference; lastKnownFileType = file.storyboard; name = Base; path = Base.lproj/Main.storyboard; sourceTree = "<group>"; };
		B39A789E1CCAD46300C18117 /* Assets.xcassets */ = {isa = PBXFileReference; lastKnownFileType = folder.assetcatalog; path = Assets.xcassets; sourceTree = "<group>"; };
		B39A78A11CCAD46300C18117 /* Base */ = {isa = PBXFileReference; lastKnownFileType = file.storyboard; name = Base; path = Base.lproj/LaunchScreen.storyboard; sourceTree = "<group>"; };
		B39A78A31CCAD46300C18117 /* Info.plist */ = {isa = PBXFileReference; lastKnownFileType = text.plist.xml; path = Info.plist; sourceTree = "<group>"; };
		B39A78A81CCAD46400C18117 /* AntComplexityTests.xctest */ = {isa = PBXFileReference; explicitFileType = wrapper.cfbundle; includeInIndex = 0; path = AntComplexityTests.xctest; sourceTree = BUILT_PRODUCTS_DIR; };
		B39A78AC1CCAD46400C18117 /* AntComplexityTests.swift */ = {isa = PBXFileReference; lastKnownFileType = sourcecode.swift; path = AntComplexityTests.swift; sourceTree = "<group>"; };
		B39A78AE1CCAD46400C18117 /* Info.plist */ = {isa = PBXFileReference; lastKnownFileType = text.plist.xml; path = Info.plist; sourceTree = "<group>"; };
		B39A78B31CCAD46400C18117 /* AntComplexityUITests.xctest */ = {isa = PBXFileReference; explicitFileType = wrapper.cfbundle; includeInIndex = 0; path = AntComplexityUITests.xctest; sourceTree = BUILT_PRODUCTS_DIR; };
		B39A78B71CCAD46400C18117 /* AntComplexityUITests.swift */ = {isa = PBXFileReference; lastKnownFileType = sourcecode.swift; path = AntComplexityUITests.swift; sourceTree = "<group>"; };
		B39A78B91CCAD46400C18117 /* Info.plist */ = {isa = PBXFileReference; lastKnownFileType = text.plist.xml; path = Info.plist; sourceTree = "<group>"; };
		B3DC2CA01CCF0B1E00DAEA57 /* Ant.swift */ = {isa = PBXFileReference; fileEncoding = 4; lastKnownFileType = sourcecode.swift; path = Ant.swift; sourceTree = "<group>"; };
		B3DC2CA41CCF160000DAEA57 /* Playground.playground */ = {isa = PBXFileReference; lastKnownFileType = file.playground; path = Playground.playground; sourceTree = "<group>"; };
/* End PBXFileReference section */

/* Begin PBXFrameworksBuildPhase section */
		B39A78911CCAD46300C18117 /* Frameworks */ = {
			isa = PBXFrameworksBuildPhase;
			buildActionMask = 2147483647;
			files = (
			);
			runOnlyForDeploymentPostprocessing = 0;
		};
		B39A78A51CCAD46400C18117 /* Frameworks */ = {
			isa = PBXFrameworksBuildPhase;
			buildActionMask = 2147483647;
			files = (
			);
			runOnlyForDeploymentPostprocessing = 0;
		};
		B39A78B01CCAD46400C18117 /* Frameworks */ = {
			isa = PBXFrameworksBuildPhase;
			buildActionMask = 2147483647;
			files = (
			);
			runOnlyForDeploymentPostprocessing = 0;
		};
/* End PBXFrameworksBuildPhase section */

/* Begin PBXGroup section */
		B39A788B1CCAD46300C18117 = {
			isa = PBXGroup;
			children = (
				B39A78961CCAD46300C18117 /* AntComplexity */,
				B39A78AB1CCAD46400C18117 /* AntComplexityTests */,
				B39A78B61CCAD46400C18117 /* AntComplexityUITests */,
				B39A78951CCAD46300C18117 /* Products */,
			);
			sourceTree = "<group>";
		};
		B39A78951CCAD46300C18117 /* Products */ = {
			isa = PBXGroup;
			children = (
				B39A78941CCAD46300C18117 /* AntComplexity.app */,
				B39A78A81CCAD46400C18117 /* AntComplexityTests.xctest */,
				B39A78B31CCAD46400C18117 /* AntComplexityUITests.xctest */,
			);
			name = Products;
			sourceTree = "<group>";
		};
		B39A78961CCAD46300C18117 /* AntComplexity */ = {
			isa = PBXGroup;
			children = (
				B3DC2CA41CCF160000DAEA57 /* Playground.playground */,
				B39A78971CCAD46300C18117 /* AppDelegate.swift */,
				B39A78991CCAD46300C18117 /* ViewController.swift */,
				B3DC2CA01CCF0B1E00DAEA57 /* Ant.swift */,
				B39A789B1CCAD46300C18117 /* Main.storyboard */,
				B39A789E1CCAD46300C18117 /* Assets.xcassets */,
				B39A78A01CCAD46300C18117 /* LaunchScreen.storyboard */,
				B39A78A31CCAD46300C18117 /* Info.plist */,
			);
			path = AntComplexity;
			sourceTree = "<group>";
		};
		B39A78AB1CCAD46400C18117 /* AntComplexityTests */ = {
			isa = PBXGroup;
			children = (
				B39A78AC1CCAD46400C18117 /* AntComplexityTests.swift */,
				B39A78AE1CCAD46400C18117 /* Info.plist */,
			);
			path = AntComplexityTests;
			sourceTree = "<group>";
		};
		B39A78B61CCAD46400C18117 /* AntComplexityUITests */ = {
			isa = PBXGroup;
			children = (
				B39A78B71CCAD46400C18117 /* AntComplexityUITests.swift */,
				B39A78B91CCAD46400C18117 /* Info.plist */,
			);
			path = AntComplexityUITests;
			sourceTree = "<group>";
		};
/* End PBXGroup section */

/* Begin PBXNativeTarget section */
		B39A78931CCAD46300C18117 /* AntComplexity */ = {
			isa = PBXNativeTarget;
			buildConfigurationList = B39A78BC1CCAD46400C18117 /* Build configuration list for PBXNativeTarget "AntComplexity" */;
			buildPhases = (
				B39A78901CCAD46300C18117 /* Sources */,
				B39A78911CCAD46300C18117 /* Frameworks */,
				B39A78921CCAD46300C18117 /* Resources */,
			);
			buildRules = (
			);
			dependencies = (
			);
			name = AntComplexity;
			productName = AntComplexity;
			productReference = B39A78941CCAD46300C18117 /* AntComplexity.app */;
			productType = "com.apple.product-type.application";
		};
		B39A78A71CCAD46400C18117 /* AntComplexityTests */ = {
			isa = PBXNativeTarget;
			buildConfigurationList = B39A78BF1CCAD46400C18117 /* Build configuration list for PBXNativeTarget "AntComplexityTests" */;
			buildPhases = (
				B39A78A41CCAD46400C18117 /* Sources */,
				B39A78A51CCAD46400C18117 /* Frameworks */,
				B39A78A61CCAD46400C18117 /* Resources */,
			);
			buildRules = (
			);
			dependencies = (
				B39A78AA1CCAD46400C18117 /* PBXTargetDependency */,
			);
			name = AntComplexityTests;
			productName = AntComplexityTests;
			productReference = B39A78A81CCAD46400C18117 /* AntComplexityTests.xctest */;
			productType = "com.apple.product-type.bundle.unit-test";
		};
		B39A78B21CCAD46400C18117 /* AntComplexityUITests */ = {
			isa = PBXNativeTarget;
			buildConfigurationList = B39A78C21CCAD46400C18117 /* Build configuration list for PBXNativeTarget "AntComplexityUITests" */;
			buildPhases = (
				B39A78AF1CCAD46400C18117 /* Sources */,
				B39A78B01CCAD46400C18117 /* Frameworks */,
				B39A78B11CCAD46400C18117 /* Resources */,
			);
			buildRules = (
			);
			dependencies = (
				B39A78B51CCAD46400C18117 /* PBXTargetDependency */,
			);
			name = AntComplexityUITests;
			productName = AntComplexityUITests;
			productReference = B39A78B31CCAD46400C18117 /* AntComplexityUITests.xctest */;
			productType = "com.apple.product-type.bundle.ui-testing";
		};
/* End PBXNativeTarget section */

/* Begin PBXProject section */
		B39A788C1CCAD46300C18117 /* Project object */ = {
			isa = PBXProject;
			attributes = {
				LastSwiftUpdateCheck = 0720;
				LastUpgradeCheck = 0720;
				TargetAttributes = {
					B39A78931CCAD46300C18117 = {
						CreatedOnToolsVersion = 7.2;
					};
					B39A78A71CCAD46400C18117 = {
						CreatedOnToolsVersion = 7.2;
						TestTargetID = B39A78931CCAD46300C18117;
					};
					B39A78B21CCAD46400C18117 = {
						CreatedOnToolsVersion = 7.2;
						TestTargetID = B39A78931CCAD46300C18117;
					};
				};
			};
			buildConfigurationList = B39A788F1CCAD46300C18117 /* Build configuration list for PBXProject "AntComplexity" */;
			compatibilityVersion = "Xcode 3.2";
			developmentRegion = English;
			hasScannedForEncodings = 0;
			knownRegions = (
				en,
				Base,
			);
			mainGroup = B39A788B1CCAD46300C18117;
			productRefGroup = B39A78951CCAD46300C18117 /* Products */;
			projectDirPath = "";
			projectRoot = "";
			targets = (
				B39A78931CCAD46300C18117 /* AntComplexity */,
				B39A78A71CCAD46400C18117 /* AntComplexityTests */,
				B39A78B21CCAD46400C18117 /* AntComplexityUITests */,
			);
		};
/* End PBXProject section */

/* Begin PBXResourcesBuildPhase section */
		B39A78921CCAD46300C18117 /* Resources */ = {
			isa = PBXResourcesBuildPhase;
			buildActionMask = 2147483647;
			files = (
				B39A78A21CCAD46300C18117 /* LaunchScreen.storyboard in Resources */,
				B39A789F1CCAD46300C18117 /* Assets.xcassets in Resources */,
				B39A789D1CCAD46300C18117 /* Main.storyboard in Resources */,
			);
			runOnlyForDeploymentPostprocessing = 0;
		};
		B39A78A61CCAD46400C18117 /* Resources */ = {
			isa = PBXResourcesBuildPhase;
			buildActionMask = 2147483647;
			files = (
			);
			runOnlyForDeploymentPostprocessing = 0;
		};
		B39A78B11CCAD46400C18117 /* Resources */ = {
			isa = PBXResourcesBuildPhase;
			buildActionMask = 2147483647;
			files = (
			);
			runOnlyForDeploymentPostprocessing = 0;
		};
/* End PBXResourcesBuildPhase section */

/* Begin PBXSourcesBuildPhase section */
		B39A78901CCAD46300C18117 /* Sources */ = {
			isa = PBXSourcesBuildPhase;
			buildActionMask = 2147483647;
			files = (
				B3DC2CA11CCF0B1F00DAEA57 /* Ant.swift in Sources */,
				B39A789A1CCAD46300C18117 /* ViewController.swift in Sources */,
				B39A78981CCAD46300C18117 /* AppDelegate.swift in Sources */,
			);
			runOnlyForDeploymentPostprocessing = 0;
		};
		B39A78A41CCAD46400C18117 /* Sources */ = {
			isa = PBXSourcesBuildPhase;
			buildActionMask = 2147483647;
			files = (
				B39A78AD1CCAD46400C18117 /* AntComplexityTests.swift in Sources */,
			);
			runOnlyForDeploymentPostprocessing = 0;
		};
		B39A78AF1CCAD46400C18117 /* Sources */ = {
			isa = PBXSourcesBuildPhase;
			buildActionMask = 2147483647;
			files = (
				B39A78B81CCAD46400C18117 /* AntComplexityUITests.swift in Sources */,
			);
			runOnlyForDeploymentPostprocessing = 0;
		};
/* End PBXSourcesBuildPhase section */

/* Begin PBXTargetDependency section */
		B39A78AA1CCAD46400C18117 /* PBXTargetDependency */ = {
			isa = PBXTargetDependency;
			target = B39A78931CCAD46300C18117 /* AntComplexity */;
			targetProxy = B39A78A91CCAD46400C18117 /* PBXContainerItemProxy */;
		};
		B39A78B51CCAD46400C18117 /* PBXTargetDependency */ = {
			isa = PBXTargetDependency;
			target = B39A78931CCAD46300C18117 /* AntComplexity */;
			targetProxy = B39A78B41CCAD46400C18117 /* PBXContainerItemProxy */;
		};
/* End PBXTargetDependency section */

/* Begin PBXVariantGroup section */
		B39A789B1CCAD46300C18117 /* Main.storyboard */ = {
			isa = PBXVariantGroup;
			children = (
				B39A789C1CCAD46300C18117 /* Base */,
			);
			name = Main.storyboard;
			sourceTree = "<group>";
		};
		B39A78A01CCAD46300C18117 /* LaunchScreen.storyboard */ = {
			isa = PBXVariantGroup;
			children = (
				B39A78A11CCAD46300C18117 /* Base */,
			);
			name = LaunchScreen.storyboard;
			sourceTree = "<group>";
		};
/* End PBXVariantGroup section */

/* Begin XCBuildConfiguration section */
		B39A78BA1CCAD46400C18117 /* Debug */ = {
			isa = XCBuildConfiguration;
			buildSettings = {
				ALWAYS_SEARCH_USER_PATHS = NO;
				CLANG_CXX_LANGUAGE_STANDARD = "gnu++0x";
				CLANG_CXX_LIBRARY = "libc++";
				CLANG_ENABLE_MODULES = YES;
				CLANG_ENABLE_OBJC_ARC = YES;
				CLANG_WARN_BOOL_CONVERSION = YES;
				CLANG_WARN_CONSTANT_CONVERSION = YES;
				CLANG_WARN_DIRECT_OBJC_ISA_USAGE = YES_ERROR;
				CLANG_WARN_EMPTY_BODY = YES;
				CLANG_WARN_ENUM_CONVERSION = YES;
				CLANG_WARN_INT_CONVERSION = YES;
				CLANG_WARN_OBJC_ROOT_CLASS = YES_ERROR;
				CLANG_WARN_UNREACHABLE_CODE = YES;
				CLANG_WARN__DUPLICATE_METHOD_MATCH = YES;
				"CODE_SIGN_IDENTITY[sdk=iphoneos*]" = "iPhone Developer";
				COPY_PHASE_STRIP = NO;
				DEBUG_INFORMATION_FORMAT = dwarf;
				ENABLE_STRICT_OBJC_MSGSEND = YES;
				ENABLE_TESTABILITY = YES;
				GCC_C_LANGUAGE_STANDARD = gnu99;
				GCC_DYNAMIC_NO_PIC = NO;
				GCC_NO_COMMON_BLOCKS = YES;
				GCC_OPTIMIZATION_LEVEL = 0;
				GCC_PREPROCESSOR_DEFINITIONS = (
					"DEBUG=1",
					"$(inherited)",
				);
				GCC_WARN_64_TO_32_BIT_CONVERSION = YES;
				GCC_WARN_ABOUT_RETURN_TYPE = YES_ERROR;
				GCC_WARN_UNDECLARED_SELECTOR = YES;
				GCC_WARN_UNINITIALIZED_AUTOS = YES_AGGRESSIVE;
				GCC_WARN_UNUSED_FUNCTION = YES;
				GCC_WARN_UNUSED_VARIABLE = YES;
				IPHONEOS_DEPLOYMENT_TARGET = 9.2;
				MTL_ENABLE_DEBUG_INFO = YES;
				ONLY_ACTIVE_ARCH = YES;
				SDKROOT = iphoneos;
				SWIFT_OPTIMIZATION_LEVEL = "-Onone";
			};
			name = Debug;
		};
		B39A78BB1CCAD46400C18117 /* Release */ = {
			isa = XCBuildConfiguration;
			buildSettings = {
				ALWAYS_SEARCH_USER_PATHS = NO;
				CLANG_CXX_LANGUAGE_STANDARD = "gnu++0x";
				CLANG_CXX_LIBRARY = "libc++";
				CLANG_ENABLE_MODULES = YES;
				CLANG_ENABLE_OBJC_ARC = YES;
				CLANG_WARN_BOOL_CONVERSION = YES;
				CLANG_WARN_CONSTANT_CONVERSION = YES;
				CLANG_WARN_DIRECT_OBJC_ISA_USAGE = YES_ERROR;
				CLANG_WARN_EMPTY_BODY = YES;
				CLANG_WARN_ENUM_CONVERSION = YES;
				CLANG_WARN_INT_CONVERSION = YES;
				CLANG_WARN_OBJC_ROOT_CLASS = YES_ERROR;
				CLANG_WARN_UNREACHABLE_CODE = YES;
				CLANG_WARN__DUPLICATE_METHOD_MATCH = YES;
				"CODE_SIGN_IDENTITY[sdk=iphoneos*]" = "iPhone Developer";
				COPY_PHASE_STRIP = NO;
				DEBUG_INFORMATION_FORMAT = "dwarf-with-dsym";
				ENABLE_NS_ASSERTIONS = NO;
				ENABLE_STRICT_OBJC_MSGSEND = YES;
				GCC_C_LANGUAGE_STANDARD = gnu99;
				GCC_NO_COMMON_BLOCKS = YES;
				GCC_WARN_64_TO_32_BIT_CONVERSION = YES;
				GCC_WARN_ABOUT_RETURN_TYPE = YES_ERROR;
				GCC_WARN_UNDECLARED_SELECTOR = YES;
				GCC_WARN_UNINITIALIZED_AUTOS = YES_AGGRESSIVE;
				GCC_WARN_UNUSED_FUNCTION = YES;
				GCC_WARN_UNUSED_VARIABLE = YES;
				IPHONEOS_DEPLOYMENT_TARGET = 9.2;
				MTL_ENABLE_DEBUG_INFO = NO;
				SDKROOT = iphoneos;
				VALIDATE_PRODUCT = YES;
			};
			name = Release;
		};
		B39A78BD1CCAD46400C18117 /* Debug */ = {
			isa = XCBuildConfiguration;
			buildSettings = {
				ASSETCATALOG_COMPILER_APPICON_NAME = AppIcon;
				INFOPLIST_FILE = AntComplexity/Info.plist;
				IPHONEOS_DEPLOYMENT_TARGET = 8.4;
				LD_RUNPATH_SEARCH_PATHS = "$(inherited) @executable_path/Frameworks";
				PRODUCT_BUNDLE_IDENTIFIER = "com.zhu-ke.AntComplexity";
				PRODUCT_NAME = "$(TARGET_NAME)";
			};
			name = Debug;
		};
		B39A78BE1CCAD46400C18117 /* Release */ = {
			isa = XCBuildConfiguration;
			buildSettings = {
				ASSETCATALOG_COMPILER_APPICON_NAME = AppIcon;
				INFOPLIST_FILE = AntComplexity/Info.plist;
				IPHONEOS_DEPLOYMENT_TARGET = 8.4;
				LD_RUNPATH_SEARCH_PATHS = "$(inherited) @executable_path/Frameworks";
				PRODUCT_BUNDLE_IDENTIFIER = "com.zhu-ke.AntComplexity";
				PRODUCT_NAME = "$(TARGET_NAME)";
			};
			name = Release;
		};
		B39A78C01CCAD46400C18117 /* Debug */ = {
			isa = XCBuildConfiguration;
			buildSettings = {
				BUNDLE_LOADER = "$(TEST_HOST)";
				INFOPLIST_FILE = AntComplexityTests/Info.plist;
				LD_RUNPATH_SEARCH_PATHS = "$(inherited) @executable_path/Frameworks @loader_path/Frameworks";
				PRODUCT_BUNDLE_IDENTIFIER = "com.zhu-ke.AntComplexityTests";
				PRODUCT_NAME = "$(TARGET_NAME)";
				TEST_HOST = "$(BUILT_PRODUCTS_DIR)/AntComplexity.app/AntComplexity";
			};
			name = Debug;
		};
		B39A78C11CCAD46400C18117 /* Release */ = {
			isa = XCBuildConfiguration;
			buildSettings = {
				BUNDLE_LOADER = "$(TEST_HOST)";
				INFOPLIST_FILE = AntComplexityTests/Info.plist;
				LD_RUNPATH_SEARCH_PATHS = "$(inherited) @executable_path/Frameworks @loader_path/Frameworks";
				PRODUCT_BUNDLE_IDENTIFIER = "com.zhu-ke.AntComplexityTests";
				PRODUCT_NAME = "$(TARGET_NAME)";
				TEST_HOST = "$(BUILT_PRODUCTS_DIR)/AntComplexity.app/AntComplexity";
			};
			name = Release;
		};
		B39A78C31CCAD46400C18117 /* Debug */ = {
			isa = XCBuildConfiguration;
			buildSettings = {
				INFOPLIST_FILE = AntComplexityUITests/Info.plist;
				LD_RUNPATH_SEARCH_PATHS = "$(inherited) @executable_path/Frameworks @loader_path/Frameworks";
				PRODUCT_BUNDLE_IDENTIFIER = "com.zhu-ke.AntComplexityUITests";
				PRODUCT_NAME = "$(TARGET_NAME)";
				TEST_TARGET_NAME = AntComplexity;
				USES_XCTRUNNER = YES;
			};
			name = Debug;
		};
		B39A78C41CCAD46400C18117 /* Release */ = {
			isa = XCBuildConfiguration;
			buildSettings = {
				INFOPLIST_FILE = AntComplexityUITests/Info.plist;
				LD_RUNPATH_SEARCH_PATHS = "$(inherited) @executable_path/Frameworks @loader_path/Frameworks";
				PRODUCT_BUNDLE_IDENTIFIER = "com.zhu-ke.AntComplexityUITests";
				PRODUCT_NAME = "$(TARGET_NAME)";
				TEST_TARGET_NAME = AntComplexity;
				USES_XCTRUNNER = YES;
			};
			name = Release;
		};
/* End XCBuildConfiguration section */

/* Begin XCConfigurationList section */
		B39A788F1CCAD46300C18117 /* Build configuration list for PBXProject "AntComplexity" */ = {
			isa = XCConfigurationList;
			buildConfigurations = (
				B39A78BA1CCAD46400C18117 /* Debug */,
				B39A78BB1CCAD46400C18117 /* Release */,
			);
			defaultConfigurationIsVisible = 0;
			defaultConfigurationName = Release;
		};
		B39A78BC1CCAD46400C18117 /* Build configuration list for PBXNativeTarget "AntComplexity" */ = {
			isa = XCConfigurationList;
			buildConfigurations = (
				B39A78BD1CCAD46400C18117 /* Debug */,
				B39A78BE1CCAD46400C18117 /* Release */,
			);
			defaultConfigurationIsVisible = 0;
			defaultConfigurationName = Release;
		};
		B39A78BF1CCAD46400C18117 /* Build configuration list for PBXNativeTarget "AntComplexityTests" */ = {
			isa = XCConfigurationList;
			buildConfigurations = (
				B39A78C01CCAD46400C18117 /* Debug */,
				B39A78C11CCAD46400C18117 /* Release */,
			);
			defaultConfigurationIsVisible = 0;
			defaultConfigurationName = Release;
		};
		B39A78C21CCAD46400C18117 /* Build configuration list for PBXNativeTarget "AntComplexityUITests" */ = {
			isa = XCConfigurationList;
			buildConfigurations = (
				B39A78C31CCAD46400C18117 /* Debug */,
				B39A78C41CCAD46400C18117 /* Release */,
			);
			defaultConfigurationIsVisible = 0;
			defaultConfigurationName = Release;
		};
/* End XCConfigurationList section */
	};
	rootObject = B39A788C1CCAD46300C18117 /* Project object */;
}
